{
  "version": 4,
  "terraform_version": "1.9.3",
  "serial": 26,
  "lineage": "97403a3d-1e93-fb4c-9a9a-6eb1fe126fee",
  "outputs": {
    "instance_output": {
      "value": [
        "alev-node1-vm-1: : 10.128.0.33: 89.169.141.127",
        "alev-node2-vm-2: : 10.128.0.34: 89.169.132.171",
        "alev-node3-vm-3: : 10.128.0.25: 89.169.128.118"
      ],
      "type": [
        "tuple",
        [
          "string",
          "string",
          "string"
        ]
      ]
    }
  },
  "resources": [
    {
      "mode": "managed",
      "type": "local_file",
      "name": "hosts_ini",
      "provider": "provider[\"registry.terraform.io/hashicorp/local\"]",
      "instances": [
        {
          "schema_version": 0,
          "attributes": {
            "content": "89.169.141.127\n89.169.132.171\n89.169.128.118\n",
            "content_base64": null,
            "content_base64sha256": "4W17WYRf1VZzQrfpWuZSSMMXsl68s9A5DV6dvq7eYSc=",
            "content_base64sha512": "qWvPzW9WOzGuwh+71BX6DFVgSktPDaoeC0O28ebjNgWe0obpBC789CcmPJb6NDQt4SELXmLnX5U4Tqs5zSVKYg==",
            "content_md5": "1451456873a3fffe0e7b0d6d63ed1a7e",
            "content_sha1": "b5455bd38593bc7c6037e717ac70ea1c2d611299",
            "content_sha256": "e16d7b59845fd5567342b7e95ae65248c317b25ebcb3d0390d5e9dbeaede6127",
            "content_sha512": "a96bcfcd6f563b31aec21fbbd415fa0c55604a4b4f0daa1e0b43b6f1e6e336059ed286e9042efcf427263c96fa34342de1210b5e62e75f95384eab39cd254a62",
            "directory_permission": "0777",
            "file_permission": "0777",
            "filename": "../ansible/host.ini",
            "id": "b5455bd38593bc7c6037e717ac70ea1c2d611299",
            "sensitive_content": null,
            "source": null
          },
          "sensitive_attributes": [
            [
              {
                "type": "get_attr",
                "value": "sensitive_content"
              }
            ]
          ],
          "dependencies": [
            "yandex_compute_instance.vm"
          ]
        }
      ]
    },
    {
      "mode": "managed",
      "type": "yandex_compute_instance",
      "name": "vm",
      "provider": "provider[\"registry.terraform.io/yandex-cloud/yandex\"]",
      "instances": [
        {
          "index_key": 0,
          "schema_version": 1,
          "attributes": {
            "allow_recreate": null,
            "allow_stopping_for_update": null,
            "boot_disk": [
              {
                "auto_delete": true,
                "device_name": "fhmbhkda2se8us45pg0c",
                "disk_id": "fhmbhkda2se8us45pg0c",
                "initialize_params": [
                  {
                    "block_size": 4096,
                    "description": "",
                    "image_id": "fd80jfslq61mssea4ejn",
                    "name": "",
                    "size": 30,
                    "snapshot_id": "",
                    "type": "network-hdd"
                  }
                ],
                "mode": "READ_WRITE"
              }
            ],
            "created_at": "2024-07-25T17:30:09Z",
            "description": "",
            "filesystem": [],
            "folder_id": "b1g3acl1dihgarklvhm3",
            "fqdn": "fhmh8veuttoh1sc4d9kt.auto.internal",
            "gpu_cluster_id": "",
            "hostname": "",
            "id": "fhmh8veuttoh1sc4d9kt",
            "labels": null,
            "local_disk": [],
            "maintenance_grace_period": "",
            "maintenance_policy": null,
            "metadata": {
              "user-data": "#cloud-config\nusers:\n - default\n - name: student\n   groups: sudo\n   password: test\n   shell: /bin/bash\n   sudo: ['ALL=(ALL) NOPASSWD:ALL']\n   ssh-authorized-keys:\n        - ssh-rsa AAAAB3NzaC1yc2EAAAADAQABAAABAQCgXAAtH51GvFPQu3wXkzXoFlb+M2Wka7of5MxPTJKu/xlSL4bgnb7vP0dUSd/og4WumfzOR1gVJ3tdmcDvcFD52kpol+vp01TkS8IYgAVt7i3aWQqGG0U4+2ie0WZMVW/uMIOQOSnvoFIRDpfDs/4dmjc2EoeHSHuPdND9rnNq0vgJKk91Md3TZ3Aqc67tMvXy1JPnxGqGUB+NgIfq7JAEJdLACLBajk2hBLlUdHx/VBiLBb7dVP74uc88qaOOs1p9X5ZUXc+M5vcf2h271ZAGSALdQj0PQw9AR4kAp3R+7aTJSLEPZtvgzQx24UsOPnXnbreBLmMSyHnKPWrrthTt student@alexlevashov\n\n"
            },
            "metadata_options": [
              {
                "aws_v1_http_endpoint": 1,
                "aws_v1_http_token": 2,
                "gce_http_endpoint": 1,
                "gce_http_token": 1
              }
            ],
            "name": "alev-node1-vm-1",
            "network_acceleration_type": "standard",
            "network_interface": [
              {
                "dns_record": [],
                "index": 0,
                "ip_address": "10.128.0.33",
                "ipv4": true,
                "ipv6": false,
                "ipv6_address": "",
                "ipv6_dns_record": [],
                "mac_address": "d0:0d:11:47:dd:ee",
                "nat": true,
                "nat_dns_record": [],
                "nat_ip_address": "89.169.141.127",
                "nat_ip_version": "IPV4",
                "security_group_ids": [],
                "subnet_id": "e9bhi4aujiba622dj32s"
              }
            ],
            "placement_policy": [
              {
                "host_affinity_rules": [],
                "placement_group_id": "",
                "placement_group_partition": 0
              }
            ],
            "platform_id": "standard-v1",
            "resources": [
              {
                "core_fraction": 100,
                "cores": 2,
                "gpus": 0,
                "memory": 6
              }
            ],
            "scheduling_policy": [
              {
                "preemptible": true
              }
            ],
            "secondary_disk": [],
            "service_account_id": "",
            "status": "running",
            "timeouts": null,
            "zone": "ru-central1-a"
          },
          "sensitive_attributes": [],
          "private": "eyJlMmJmYjczMC1lY2FhLTExZTYtOGY4OC0zNDM2M2JjN2M0YzAiOnsiY3JlYXRlIjozMDAwMDAwMDAwMDAsImRlbGV0ZSI6MzAwMDAwMDAwMDAwLCJ1cGRhdGUiOjMwMDAwMDAwMDAwMH0sInNjaGVtYV92ZXJzaW9uIjoiMSJ9"
        },
        {
          "index_key": 1,
          "schema_version": 1,
          "attributes": {
            "allow_recreate": null,
            "allow_stopping_for_update": null,
            "boot_disk": [
              {
                "auto_delete": true,
                "device_name": "fhm21pp9u51qk4feuefb",
                "disk_id": "fhm21pp9u51qk4feuefb",
                "initialize_params": [
                  {
                    "block_size": 4096,
                    "description": "",
                    "image_id": "fd80jfslq61mssea4ejn",
                    "name": "",
                    "size": 30,
                    "snapshot_id": "",
                    "type": "network-hdd"
                  }
                ],
                "mode": "READ_WRITE"
              }
            ],
            "created_at": "2024-07-25T17:30:09Z",
            "description": "",
            "filesystem": [],
            "folder_id": "b1g3acl1dihgarklvhm3",
            "fqdn": "fhm52qtg723nauff8h3p.auto.internal",
            "gpu_cluster_id": "",
            "hostname": "",
            "id": "fhm52qtg723nauff8h3p",
            "labels": null,
            "local_disk": [],
            "maintenance_grace_period": "",
            "maintenance_policy": null,
            "metadata": {
              "user-data": "#cloud-config\nusers:\n - default\n - name: student\n   groups: sudo\n   password: test\n   shell: /bin/bash\n   sudo: ['ALL=(ALL) NOPASSWD:ALL']\n   ssh-authorized-keys:\n        - ssh-rsa AAAAB3NzaC1yc2EAAAADAQABAAABAQCgXAAtH51GvFPQu3wXkzXoFlb+M2Wka7of5MxPTJKu/xlSL4bgnb7vP0dUSd/og4WumfzOR1gVJ3tdmcDvcFD52kpol+vp01TkS8IYgAVt7i3aWQqGG0U4+2ie0WZMVW/uMIOQOSnvoFIRDpfDs/4dmjc2EoeHSHuPdND9rnNq0vgJKk91Md3TZ3Aqc67tMvXy1JPnxGqGUB+NgIfq7JAEJdLACLBajk2hBLlUdHx/VBiLBb7dVP74uc88qaOOs1p9X5ZUXc+M5vcf2h271ZAGSALdQj0PQw9AR4kAp3R+7aTJSLEPZtvgzQx24UsOPnXnbreBLmMSyHnKPWrrthTt student@alexlevashov\n\n"
            },
            "metadata_options": [
              {
                "aws_v1_http_endpoint": 1,
                "aws_v1_http_token": 2,
                "gce_http_endpoint": 1,
                "gce_http_token": 1
              }
            ],
            "name": "alev-node2-vm-2",
            "network_acceleration_type": "standard",
            "network_interface": [
              {
                "dns_record": [],
                "index": 0,
                "ip_address": "10.128.0.34",
                "ipv4": true,
                "ipv6": false,
                "ipv6_address": "",
                "ipv6_dns_record": [],
                "mac_address": "d0:0d:51:6b:b0:38",
                "nat": true,
                "nat_dns_record": [],
                "nat_ip_address": "89.169.132.171",
                "nat_ip_version": "IPV4",
                "security_group_ids": [],
                "subnet_id": "e9bhi4aujiba622dj32s"
              }
            ],
            "placement_policy": [
              {
                "host_affinity_rules": [],
                "placement_group_id": "",
                "placement_group_partition": 0
              }
            ],
            "platform_id": "standard-v1",
            "resources": [
              {
                "core_fraction": 100,
                "cores": 2,
                "gpus": 0,
                "memory": 6
              }
            ],
            "scheduling_policy": [
              {
                "preemptible": true
              }
            ],
            "secondary_disk": [],
            "service_account_id": "",
            "status": "running",
            "timeouts": null,
            "zone": "ru-central1-a"
          },
          "sensitive_attributes": [],
          "private": "eyJlMmJmYjczMC1lY2FhLTExZTYtOGY4OC0zNDM2M2JjN2M0YzAiOnsiY3JlYXRlIjozMDAwMDAwMDAwMDAsImRlbGV0ZSI6MzAwMDAwMDAwMDAwLCJ1cGRhdGUiOjMwMDAwMDAwMDAwMH0sInNjaGVtYV92ZXJzaW9uIjoiMSJ9"
        },
        {
          "index_key": 2,
          "schema_version": 1,
          "attributes": {
            "allow_recreate": null,
            "allow_stopping_for_update": null,
            "boot_disk": [
              {
                "auto_delete": true,
                "device_name": "fhm238h6p96kcc00lqo2",
                "disk_id": "fhm238h6p96kcc00lqo2",
                "initialize_params": [
                  {
                    "block_size": 4096,
                    "description": "",
                    "image_id": "fd80jfslq61mssea4ejn",
                    "name": "",
                    "size": 30,
                    "snapshot_id": "",
                    "type": "network-hdd"
                  }
                ],
                "mode": "READ_WRITE"
              }
            ],
            "created_at": "2024-07-25T17:30:09Z",
            "description": "",
            "filesystem": [],
            "folder_id": "b1g3acl1dihgarklvhm3",
            "fqdn": "fhmstq281mup0p4i3sdk.auto.internal",
            "gpu_cluster_id": "",
            "hostname": "",
            "id": "fhmstq281mup0p4i3sdk",
            "labels": null,
            "local_disk": [],
            "maintenance_grace_period": "",
            "maintenance_policy": null,
            "metadata": {
              "user-data": "#cloud-config\nusers:\n - default\n - name: student\n   groups: sudo\n   password: test\n   shell: /bin/bash\n   sudo: ['ALL=(ALL) NOPASSWD:ALL']\n   ssh-authorized-keys:\n        - ssh-rsa AAAAB3NzaC1yc2EAAAADAQABAAABAQCgXAAtH51GvFPQu3wXkzXoFlb+M2Wka7of5MxPTJKu/xlSL4bgnb7vP0dUSd/og4WumfzOR1gVJ3tdmcDvcFD52kpol+vp01TkS8IYgAVt7i3aWQqGG0U4+2ie0WZMVW/uMIOQOSnvoFIRDpfDs/4dmjc2EoeHSHuPdND9rnNq0vgJKk91Md3TZ3Aqc67tMvXy1JPnxGqGUB+NgIfq7JAEJdLACLBajk2hBLlUdHx/VBiLBb7dVP74uc88qaOOs1p9X5ZUXc+M5vcf2h271ZAGSALdQj0PQw9AR4kAp3R+7aTJSLEPZtvgzQx24UsOPnXnbreBLmMSyHnKPWrrthTt student@alexlevashov\n\n"
            },
            "metadata_options": [
              {
                "aws_v1_http_endpoint": 1,
                "aws_v1_http_token": 2,
                "gce_http_endpoint": 1,
                "gce_http_token": 1
              }
            ],
            "name": "alev-node3-vm-3",
            "network_acceleration_type": "standard",
            "network_interface": [
              {
                "dns_record": [],
                "index": 0,
                "ip_address": "10.128.0.25",
                "ipv4": true,
                "ipv6": false,
                "ipv6_address": "",
                "ipv6_dns_record": [],
                "mac_address": "d0:0d:1c:ee:84:80",
                "nat": true,
                "nat_dns_record": [],
                "nat_ip_address": "89.169.128.118",
                "nat_ip_version": "IPV4",
                "security_group_ids": [],
                "subnet_id": "e9bhi4aujiba622dj32s"
              }
            ],
            "placement_policy": [
              {
                "host_affinity_rules": [],
                "placement_group_id": "",
                "placement_group_partition": 0
              }
            ],
            "platform_id": "standard-v1",
            "resources": [
              {
                "core_fraction": 100,
                "cores": 2,
                "gpus": 0,
                "memory": 6
              }
            ],
            "scheduling_policy": [
              {
                "preemptible": true
              }
            ],
            "secondary_disk": [],
            "service_account_id": "",
            "status": "running",
            "timeouts": null,
            "zone": "ru-central1-a"
          },
          "sensitive_attributes": [],
          "private": "eyJlMmJmYjczMC1lY2FhLTExZTYtOGY4OC0zNDM2M2JjN2M0YzAiOnsiY3JlYXRlIjozMDAwMDAwMDAwMDAsImRlbGV0ZSI6MzAwMDAwMDAwMDAwLCJ1cGRhdGUiOjMwMDAwMDAwMDAwMH0sInNjaGVtYV92ZXJzaW9uIjoiMSJ9"
        }
      ]
    }
  ],
  "check_results": null
}
